
Microsoft Visual Studio Solution File, Format Version 12.00
# Visual Studio Version 16
VisualStudioVersion = 16.0.30413.136
MinimumVisualStudioVersion = 10.0.40219.1
Project("{F184B08F-C81C-45F6-A57F-5ABD9991F28F}") = "StringValidator", "StringValidator\StringValidator.vbproj", "{7366500E-EF95-4E11-9FE4-6C56617FEAB4}"
EndProject
Global
	GlobalSection(SolutionConfigurationPlatforms) = preSolution
		Debug|Any CPU = Debug|Any CPU
		Release|Any CPU = Release|Any CPU
	EndGlobalSection
	GlobalSection(ProjectConfigurationPlatforms) = postSolution
		{7366500E-EF95-4E11-9FE4-6C56617FEAB4}.Debug|Any CPU.ActiveCfg = Debug|Any CPU
		{7366500E-EF95-4E11-9FE4-6C56617FEAB4}.Debug|Any CPU.Build.0 = Debug|Any CPU
		{7366500E-EF95-4E11-9FE4-6C56617FEAB4}.Release|Any CPU.ActiveCfg = Release|Any CPU
		{7366500E-EF95-4E11-9FE4-6C56617FEAB4}.Release|Any CPU.Build.0 = Release|Any CPU
	EndGlobalSection
	GlobalSection(SolutionProperties) = preSolution
		HideSolutionNode = FALSE
	EndGlobalSection
	GlobalSection(ExtensibilityGlobals) = postSolution
		SolutionGuid = {D02B6F5A-3242-40D7-9BD1-29CEACAEB39B}
	EndGlobalSection
EndGlobal
